
Microsoft Visual Studio Solution File, Format Version 12.00
# Visual Studio 15
VisualStudioVersion = 15.0.27703.2026
MinimumVisualStudioVersion = 10.0.40219.1
Project("{FAE04EC0-301F-11D3-BF4B-00C04F79EFBC}") = "Contenter", "Contenter\Contenter.csproj", "{D117E9FE-BAC1-4326-B4FB-DF0AB5AEE1B1}"
EndProject
Global
	GlobalSection(SolutionConfigurationPlatforms) = preSolution
		Debug|Any CPU = Debug|Any CPU
		Release|Any CPU = Release|Any CPU
	EndGlobalSection
	GlobalSection(ProjectConfigurationPlatforms) = postSolution
		{D117E9FE-BAC1-4326-B4FB-DF0AB5AEE1B1}.Debug|Any CPU.ActiveCfg = Debug|Any CPU
		{D117E9FE-BAC1-4326-B4FB-DF0AB5AEE1B1}.Debug|Any CPU.Build.0 = Debug|Any CPU
		{D117E9FE-BAC1-4326-B4FB-DF0AB5AEE1B1}.Release|Any CPU.ActiveCfg = Release|Any CPU
		{D117E9FE-BAC1-4326-B4FB-DF0AB5AEE1B1}.Release|Any CPU.Build.0 = Release|Any CPU
	EndGlobalSection
	GlobalSection(SolutionProperties) = preSolution
		HideSolutionNode = FALSE
	EndGlobalSection
	GlobalSection(ExtensibilityGlobals) = postSolution
		SolutionGuid = {73407FC9-0205-46C6-BB83-1E6A7D1E01D5}
	EndGlobalSection
EndGlobal
